// !$*UTF8*$!
{
	archiveVersion = 1;
	classes = {
	};
	objectVersion = 56;
	objects = {

/* Begin PBXBuildFile section */
		A06F4D702BAA6E1700C614A8 /* AppDelegate.swift in Sources */ = {isa = PBXBuildFile; fileRef = A06F4D6F2BAA6E1700C614A8 /* AppDelegate.swift */; };
		A06F4D722BAA6E1700C614A8 /* SceneDelegate.swift in Sources */ = {isa = PBXBuildFile; fileRef = A06F4D712BAA6E1700C614A8 /* SceneDelegate.swift */; };
		A06F4D772BAA6E1700C614A8 /* Main.storyboard in Resources */ = {isa = PBXBuildFile; fileRef = A06F4D752BAA6E1700C614A8 /* Main.storyboard */; };
		A06F4D792BAA6E1800C614A8 /* Assets.xcassets in Resources */ = {isa = PBXBuildFile; fileRef = A06F4D782BAA6E1800C614A8 /* Assets.xcassets */; };
		A06F4D7C2BAA6E1800C614A8 /* LaunchScreen.storyboard in Resources */ = {isa = PBXBuildFile; fileRef = A06F4D7A2BAA6E1800C614A8 /* LaunchScreen.storyboard */; };
		A06F4D842BAA6F7800C614A8 /* BookTableViewController.swift in Sources */ = {isa = PBXBuildFile; fileRef = A06F4D832BAA6F7800C614A8 /* BookTableViewController.swift */; };
		A06F4D862BAA731600C614A8 /* Book.swift in Sources */ = {isa = PBXBuildFile; fileRef = A06F4D852BAA731600C614A8 /* Book.swift */; };
		A06F4D882BAA73C100C614A8 /* BookTableViewCell.swift in Sources */ = {isa = PBXBuildFile; fileRef = A06F4D872BAA73C100C614A8 /* BookTableViewCell.swift */; };
		A06F4D8A2BAA7FA700C614A8 /* BookFormTableViewController.swift in Sources */ = {isa = PBXBuildFile; fileRef = A06F4D892BAA7FA700C614A8 /* BookFormTableViewController.swift */; };
/* End PBXBuildFile section */

/* Begin PBXFileReference section */
		A06F4D6C2BAA6E1700C614A8 /* FavoriteBooks.app */ = {isa = PBXFileReference; explicitFileType = wrapper.application; includeInIndex = 0; path = FavoriteBooks.app; sourceTree = BUILT_PRODUCTS_DIR; };
		A06F4D6F2BAA6E1700C614A8 /* AppDelegate.swift */ = {isa = PBXFileReference; lastKnownFileType = sourcecode.swift; path = AppDelegate.swift; sourceTree = "<group>"; };
		A06F4D712BAA6E1700C614A8 /* SceneDelegate.swift */ = {isa = PBXFileReference; lastKnownFileType = sourcecode.swift; path = SceneDelegate.swift; sourceTree = "<group>"; };
		A06F4D762BAA6E1700C614A8 /* Base */ = {isa = PBXFileReference; lastKnownFileType = file.storyboard; name = Base; path = Base.lproj/Main.storyboard; sourceTree = "<group>"; };
		A06F4D782BAA6E1800C614A8 /* Assets.xcassets */ = {isa = PBXFileReference; lastKnownFileType = folder.assetcatalog; path = Assets.xcassets; sourceTree = "<group>"; };
		A06F4D7B2BAA6E1800C614A8 /* Base */ = {isa = PBXFileReference; lastKnownFileType = file.storyboard; name = Base; path = Base.lproj/LaunchScreen.storyboard; sourceTree = "<group>"; };
		A06F4D7D2BAA6E1800C614A8 /* Info.plist */ = {isa = PBXFileReference; lastKnownFileType = text.plist.xml; path = Info.plist; sourceTree = "<group>"; };
		A06F4D832BAA6F7800C614A8 /* BookTableViewController.swift */ = {isa = PBXFileReference; lastKnownFileType = sourcecode.swift; path = BookTableViewController.swift; sourceTree = "<group>"; };
		A06F4D852BAA731600C614A8 /* Book.swift */ = {isa = PBXFileReference; lastKnownFileType = sourcecode.swift; path = Book.swift; sourceTree = "<group>"; };
		A06F4D872BAA73C100C614A8 /* BookTableViewCell.swift */ = {isa = PBXFileReference; lastKnownFileType = sourcecode.swift; path = BookTableViewCell.swift; sourceTree = "<group>"; };
		A06F4D892BAA7FA700C614A8 /* BookFormTableViewController.swift */ = {isa = PBXFileReference; lastKnownFileType = sourcecode.swift; path = BookFormTableViewController.swift; sourceTree = "<group>"; };
/* End PBXFileReference section */

/* Begin PBXFrameworksBuildPhase section */
		A06F4D692BAA6E1700C614A8 /* Frameworks */ = {
			isa = PBXFrameworksBuildPhase;
			buildActionMask = 2147483647;
			files = (
			);
			runOnlyForDeploymentPostprocessing = 0;
		};
/* End PBXFrameworksBuildPhase section */

/* Begin PBXGroup section */
		A06F4D632BAA6E1700C614A8 = {
			isa = PBXGroup;
			children = (
				A06F4D6E2BAA6E1700C614A8 /* FavoriteBooks */,
				A06F4D6D2BAA6E1700C614A8 /* Products */,
			);
			sourceTree = "<group>";
		};
		A06F4D6D2BAA6E1700C614A8 /* Products */ = {
			isa = PBXGroup;
			children = (
				A06F4D6C2BAA6E1700C614A8 /* FavoriteBooks.app */,
			);
			name = Products;
			sourceTree = "<group>";
		};
		A06F4D6E2BAA6E1700C614A8 /* FavoriteBooks */ = {
			isa = PBXGroup;
			children = (
				A06F4D6F2BAA6E1700C614A8 /* AppDelegate.swift */,
				A06F4D852BAA731600C614A8 /* Book.swift */,
				A06F4D712BAA6E1700C614A8 /* SceneDelegate.swift */,
				A06F4D752BAA6E1700C614A8 /* Main.storyboard */,
				A06F4D832BAA6F7800C614A8 /* BookTableViewController.swift */,
				A06F4D892BAA7FA700C614A8 /* BookFormTableViewController.swift */,
				A06F4D872BAA73C100C614A8 /* BookTableViewCell.swift */,
				A06F4D782BAA6E1800C614A8 /* Assets.xcassets */,
				A06F4D7A2BAA6E1800C614A8 /* LaunchScreen.storyboard */,
				A06F4D7D2BAA6E1800C614A8 /* Info.plist */,
			);
			path = FavoriteBooks;
			sourceTree = "<group>";
		};
/* End PBXGroup section */

/* Begin PBXNativeTarget section */
		A06F4D6B2BAA6E1700C614A8 /* FavoriteBooks */ = {
			isa = PBXNativeTarget;
			buildConfigurationList = A06F4D802BAA6E1800C614A8 /* Build configuration list for PBXNativeTarget "FavoriteBooks" */;
			buildPhases = (
				A06F4D682BAA6E1700C614A8 /* Sources */,
				A06F4D692BAA6E1700C614A8 /* Frameworks */,
				A06F4D6A2BAA6E1700C614A8 /* Resources */,
			);
			buildRules = (
			);
			dependencies = (
			);
			name = FavoriteBooks;
			productName = FavoriteBooks;
			productReference = A06F4D6C2BAA6E1700C614A8 /* FavoriteBooks.app */;
			productType = "com.apple.product-type.application";
		};
/* End PBXNativeTarget section */

/* Begin PBXProject section */
		A06F4D642BAA6E1700C614A8 /* Project object */ = {
			isa = PBXProject;
			attributes = {
				BuildIndependentTargetsInParallel = 1;
				LastSwiftUpdateCheck = 1430;
				LastUpgradeCheck = 1430;
				TargetAttributes = {
					A06F4D6B2BAA6E1700C614A8 = {
						CreatedOnToolsVersion = 14.3.1;
					};
				};
			};
			buildConfigurationList = A06F4D672BAA6E1700C614A8 /* Build configuration list for PBXProject "FavoriteBooks" */;
			compatibilityVersion = "Xcode 14.0";
			developmentRegion = en;
			hasScannedForEncodings = 0;
			knownRegions = (
				en,
				Base,
			);
			mainGroup = A06F4D632BAA6E1700C614A8;
			productRefGroup = A06F4D6D2BAA6E1700C614A8 /* Products */;
			projectDirPath = "";
			projectRoot = "";
			targets = (
				A06F4D6B2BAA6E1700C614A8 /* FavoriteBooks */,
			);
		};
/* End PBXProject section */

/* Begin PBXResourcesBuildPhase section */
		A06F4D6A2BAA6E1700C614A8 /* Resources */ = {
			isa = PBXResourcesBuildPhase;
			buildActionMask = 2147483647;
			files = (
				A06F4D7C2BAA6E1800C614A8 /* LaunchScreen.storyboard in Resources */,
				A06F4D792BAA6E1800C614A8 /* Assets.xcassets in Resources */,
				A06F4D772BAA6E1700C614A8 /* Main.storyboard in Resources */,
			);
			runOnlyForDeploymentPostprocessing = 0;
		};
/* End PBXResourcesBuildPhase section */

/* Begin PBXSourcesBuildPhase section */
		A06F4D682BAA6E1700C614A8 /* Sources */ = {
			isa = PBXSourcesBuildPhase;
			buildActionMask = 2147483647;
			files = (
				A06F4D8A2BAA7FA700C614A8 /* BookFormTableViewController.swift in Sources */,
				A06F4D862BAA731600C614A8 /* Book.swift in Sources */,
				A06F4D702BAA6E1700C614A8 /* AppDelegate.swift in Sources */,
				A06F4D842BAA6F7800C614A8 /* BookTableViewController.swift in Sources */,
				A06F4D882BAA73C100C614A8 /* BookTableViewCell.swift in Sources */,
				A06F4D722BAA6E1700C614A8 /* SceneDelegate.swift in Sources */,
			);
			runOnlyForDeploymentPostprocessing = 0;
		};
/* End PBXSourcesBuildPhase section */

/* Begin PBXVariantGroup section */
		A06F4D752BAA6E1700C614A8 /* Main.storyboard */ = {
			isa = PBXVariantGroup;
			children = (
				A06F4D762BAA6E1700C614A8 /* Base */,
			);
			name = Main.storyboard;
			sourceTree = "<group>";
		};
		A06F4D7A2BAA6E1800C614A8 /* LaunchScreen.storyboard */ = {
			isa = PBXVariantGroup;
			children = (
				A06F4D7B2BAA6E1800C614A8 /* Base */,
			);
			name = LaunchScreen.storyboard;
			sourceTree = "<group>";
		};
/* End PBXVariantGroup section */

/* Begin XCBuildConfiguration section */
		A06F4D7E2BAA6E1800C614A8 /* Debug */ = {
			isa = XCBuildConfiguration;
			buildSettings = {
				ALWAYS_SEARCH_USER_PATHS = NO;
				CLANG_ANALYZER_NONNULL = YES;
				CLANG_ANALYZER_NUMBER_OBJECT_CONVERSION = YES_AGGRESSIVE;
				CLANG_CXX_LANGUAGE_STANDARD = "gnu++20";
				CLANG_ENABLE_MODULES = YES;
				CLANG_ENABLE_OBJC_ARC = YES;
				CLANG_ENABLE_OBJC_WEAK = YES;
				CLANG_WARN_BLOCK_CAPTURE_AUTORELEASING = YES;
				CLANG_WARN_BOOL_CONVERSION = YES;
				CLANG_WARN_COMMA = YES;
				CLANG_WARN_CONSTANT_CONVERSION = YES;
				CLANG_WARN_DEPRECATED_OBJC_IMPLEMENTATIONS = YES;
				CLANG_WARN_DIRECT_OBJC_ISA_USAGE = YES_ERROR;
				CLANG_WARN_DOCUMENTATION_COMMENTS = YES;
				CLANG_WARN_EMPTY_BODY = YES;
				CLANG_WARN_ENUM_CONVERSION = YES;
				CLANG_WARN_INFINITE_RECURSION = YES;
				CLANG_WARN_INT_CONVERSION = YES;
				CLANG_WARN_NON_LITERAL_NULL_CONVERSION = YES;
				CLANG_WARN_OBJC_IMPLICIT_RETAIN_SELF = YES;
				CLANG_WARN_OBJC_LITERAL_CONVERSION = YES;
				CLANG_WARN_OBJC_ROOT_CLASS = YES_ERROR;
				CLANG_WARN_QUOTED_INCLUDE_IN_FRAMEWORK_HEADER = YES;
				CLANG_WARN_RANGE_LOOP_ANALYSIS = YES;
				CLANG_WARN_STRICT_PROTOTYPES = YES;
				CLANG_WARN_SUSPICIOUS_MOVE = YES;
				CLANG_WARN_UNGUARDED_AVAILABILITY = YES_AGGRESSIVE;
				CLANG_WARN_UNREACHABLE_CODE = YES;
				CLANG_WARN__DUPLICATE_METHOD_MATCH = YES;
				COPY_PHASE_STRIP = NO;
				DEBUG_INFORMATION_FORMAT = dwarf;
				ENABLE_STRICT_OBJC_MSGSEND = YES;
				ENABLE_TESTABILITY = YES;
				GCC_C_LANGUAGE_STANDARD = gnu11;
				GCC_DYNAMIC_NO_PIC = NO;
				GCC_NO_COMMON_BLOCKS = YES;
				GCC_OPTIMIZATION_LEVEL = 0;
				GCC_PREPROCESSOR_DEFINITIONS = (
					"DEBUG=1",
					"$(inherited)",
				);
				GCC_WARN_64_TO_32_BIT_CONVERSION = YES;
				GCC_WARN_ABOUT_RETURN_TYPE = YES_ERROR;
				GCC_WARN_UNDECLARED_SELECTOR = YES;
				GCC_WARN_UNINITIALIZED_AUTOS = YES_AGGRESSIVE;
				GCC_WARN_UNUSED_FUNCTION = YES;
				GCC_WARN_UNUSED_VARIABLE = YES;
				IPHONEOS_DEPLOYMENT_TARGET = 16.4;
				MTL_ENABLE_DEBUG_INFO = INCLUDE_SOURCE;
				MTL_FAST_MATH = YES;
				ONLY_ACTIVE_ARCH = YES;
				SDKROOT = iphoneos;
				SWIFT_ACTIVE_COMPILATION_CONDITIONS = DEBUG;
				SWIFT_OPTIMIZATION_LEVEL = "-Onone";
			};
			name = Debug;
		};
		A06F4D7F2BAA6E1800C614A8 /* Release */ = {
			isa = XCBuildConfiguration;
			buildSettings = {
				ALWAYS_SEARCH_USER_PATHS = NO;
				CLANG_ANALYZER_NONNULL = YES;
				CLANG_ANALYZER_NUMBER_OBJECT_CONVERSION = YES_AGGRESSIVE;
				CLANG_CXX_LANGUAGE_STANDARD = "gnu++20";
				CLANG_ENABLE_MODULES = YES;
				CLANG_ENABLE_OBJC_ARC = YES;
				CLANG_ENABLE_OBJC_WEAK = YES;
				CLANG_WARN_BLOCK_CAPTURE_AUTORELEASING = YES;
				CLANG_WARN_BOOL_CONVERSION = YES;
				CLANG_WARN_COMMA = YES;
				CLANG_WARN_CONSTANT_CONVERSION = YES;
				CLANG_WARN_DEPRECATED_OBJC_IMPLEMENTATIONS = YES;
				CLANG_WARN_DIRECT_OBJC_ISA_USAGE = YES_ERROR;
				CLANG_WARN_DOCUMENTATION_COMMENTS = YES;
				CLANG_WARN_EMPTY_BODY = YES;
				CLANG_WARN_ENUM_CONVERSION = YES;
				CLANG_WARN_INFINITE_RECURSION = YES;
				CLANG_WARN_INT_CONVERSION = YES;
				CLANG_WARN_NON_LITERAL_NULL_CONVERSION = YES;
				CLANG_WARN_OBJC_IMPLICIT_RETAIN_SELF = YES;
				CLANG_WARN_OBJC_LITERAL_CONVERSION = YES;
				CLANG_WARN_OBJC_ROOT_CLASS = YES_ERROR;
				CLANG_WARN_QUOTED_INCLUDE_IN_FRAMEWORK_HEADER = YES;
				CLANG_WARN_RANGE_LOOP_ANALYSIS = YES;
				CLANG_WARN_STRICT_PROTOTYPES = YES;
				CLANG_WARN_SUSPICIOUS_MOVE = YES;
				CLANG_WARN_UNGUARDED_AVAILABILITY = YES_AGGRESSIVE;
				CLANG_WARN_UNREACHABLE_CODE = YES;
				CLANG_WARN__DUPLICATE_METHOD_MATCH = YES;
				COPY_PHASE_STRIP = NO;
				DEBUG_INFORMATION_FORMAT = "dwarf-with-dsym";
				ENABLE_NS_ASSERTIONS = NO;
				ENABLE_STRICT_OBJC_MSGSEND = YES;
				GCC_C_LANGUAGE_STANDARD = gnu11;
				GCC_NO_COMMON_BLOCKS = YES;
				GCC_WARN_64_TO_32_BIT_CONVERSION = YES;
				GCC_WARN_ABOUT_RETURN_TYPE = YES_ERROR;
				GCC_WARN_UNDECLARED_SELECTOR = YES;
				GCC_WARN_UNINITIALIZED_AUTOS = YES_AGGRESSIVE;
				GCC_WARN_UNUSED_FUNCTION = YES;
				GCC_WARN_UNUSED_VARIABLE = YES;
				IPHONEOS_DEPLOYMENT_TARGET = 16.4;
				MTL_ENABLE_DEBUG_INFO = NO;
				MTL_FAST_MATH = YES;
				SDKROOT = iphoneos;
				SWIFT_COMPILATION_MODE = wholemodule;
				SWIFT_OPTIMIZATION_LEVEL = "-O";
				VALIDATE_PRODUCT = YES;
			};
			name = Release;
		};
		A06F4D812BAA6E1800C614A8 /* Debug */ = {
			isa = XCBuildConfiguration;
			buildSettings = {
				ASSETCATALOG_COMPILER_APPICON_NAME = AppIcon;
				ASSETCATALOG_COMPILER_GLOBAL_ACCENT_COLOR_NAME = AccentColor;
				CODE_SIGN_STYLE = Automatic;
				CURRENT_PROJECT_VERSION = 1;
				DEVELOPMENT_TEAM = WKAHSW3DTT;
				GENERATE_INFOPLIST_FILE = YES;
				INFOPLIST_FILE = FavoriteBooks/Info.plist;
				INFOPLIST_KEY_UIApplicationSupportsIndirectInputEvents = YES;
				INFOPLIST_KEY_UILaunchStoryboardName = LaunchScreen;
				INFOPLIST_KEY_UIMainStoryboardFile = Main;
				INFOPLIST_KEY_UISupportedInterfaceOrientations_iPad = "UIInterfaceOrientationPortrait UIInterfaceOrientationPortraitUpsideDown UIInterfaceOrientationLandscapeLeft UIInterfaceOrientationLandscapeRight";
				INFOPLIST_KEY_UISupportedInterfaceOrientations_iPhone = "UIInterfaceOrientationPortrait UIInterfaceOrientationLandscapeLeft UIInterfaceOrientationLandscapeRight";
				LD_RUNPATH_SEARCH_PATHS = (
					"$(inherited)",
					"@executable_path/Frameworks",
				);
				MARKETING_VERSION = 1.0;
				PRODUCT_BUNDLE_IDENTIFIER = com.beustech.FavoriteBooks;
				PRODUCT_NAME = "$(TARGET_NAME)";
				SWIFT_EMIT_LOC_STRINGS = YES;
				SWIFT_VERSION = 5.0;
				TARGETED_DEVICE_FAMILY = "1,2";
			};
			name = Debug;
		};
		A06F4D822BAA6E1800C614A8 /* Release */ = {
			isa = XCBuildConfiguration;
			buildSettings = {
				ASSETCATALOG_COMPILER_APPICON_NAME = AppIcon;
				ASSETCATALOG_COMPILER_GLOBAL_ACCENT_COLOR_NAME = AccentColor;
				CODE_SIGN_STYLE = Automatic;
				CURRENT_PROJECT_VERSION = 1;
				DEVELOPMENT_TEAM = WKAHSW3DTT;
				GENERATE_INFOPLIST_FILE = YES;
				INFOPLIST_FILE = FavoriteBooks/Info.plist;
				INFOPLIST_KEY_UIApplicationSupportsIndirectInputEvents = YES;
				INFOPLIST_KEY_UILaunchStoryboardName = LaunchScreen;
				INFOPLIST_KEY_UIMainStoryboardFile = Main;
				INFOPLIST_KEY_UISupportedInterfaceOrientations_iPad = "UIInterfaceOrientationPortrait UIInterfaceOrientationPortraitUpsideDown UIInterfaceOrientationLandscapeLeft UIInterfaceOrientationLandscapeRight";
				INFOPLIST_KEY_UISupportedInterfaceOrientations_iPhone = "UIInterfaceOrientationPortrait UIInterfaceOrientationLandscapeLeft UIInterfaceOrientationLandscapeRight";
				LD_RUNPATH_SEARCH_PATHS = (
					"$(inherited)",
					"@executable_path/Frameworks",
				);
				MARKETING_VERSION = 1.0;
				PRODUCT_BUNDLE_IDENTIFIER = com.beustech.FavoriteBooks;
				PRODUCT_NAME = "$(TARGET_NAME)";
				SWIFT_EMIT_LOC_STRINGS = YES;
				SWIFT_VERSION = 5.0;
				TARGETED_DEVICE_FAMILY = "1,2";
			};
			name = Release;
		};
/* End XCBuildConfiguration section */

/* Begin XCConfigurationList section */
		A06F4D672BAA6E1700C614A8 /* Build configuration list for PBXProject "FavoriteBooks" */ = {
			isa = XCConfigurationList;
			buildConfigurations = (
				A06F4D7E2BAA6E1800C614A8 /* Debug */,
				A06F4D7F2BAA6E1800C614A8 /* Release */,
			);
			defaultConfigurationIsVisible = 0;
			defaultConfigurationName = Release;
		};
		A06F4D802BAA6E1800C614A8 /* Build configuration list for PBXNativeTarget "FavoriteBooks" */ = {
			isa = XCConfigurationList;
			buildConfigurations = (
				A06F4D812BAA6E1800C614A8 /* Debug */,
				A06F4D822BAA6E1800C614A8 /* Release */,
			);
			defaultConfigurationIsVisible = 0;
			defaultConfigurationName = Release;
		};
/* End XCConfigurationList section */
	};
	rootObject = A06F4D642BAA6E1700C614A8 /* Project object */;
}
